// !$*UTF8*$!
{
	archiveVersion = 1;
	classes = {
	};
	objectVersion = 46;
	objects = {

/* Begin PBXBuildFile section */
		4DB4C705220064444001AFED /* Pods_RxPlaygroundTests.framework in Frameworks */ = {isa = PBXBuildFile; fileRef = FD1F1CA637A5A34D22F31C32 /* Pods_RxPlaygroundTests.framework */; };
		E1378F121F1655040089F0E5 /* AppDelegate.swift in Sources */ = {isa = PBXBuildFile; fileRef = E1378F111F1655040089F0E5 /* AppDelegate.swift */; };
		E1378F141F1655040089F0E5 /* ViewController.swift in Sources */ = {isa = PBXBuildFile; fileRef = E1378F131F1655040089F0E5 /* ViewController.swift */; };
		E1378F171F1655040089F0E5 /* Main.storyboard in Resources */ = {isa = PBXBuildFile; fileRef = E1378F151F1655040089F0E5 /* Main.storyboard */; };
		E1378F191F1655040089F0E5 /* Assets.xcassets in Resources */ = {isa = PBXBuildFile; fileRef = E1378F181F1655040089F0E5 /* Assets.xcassets */; };
		E1378F1C1F1655040089F0E5 /* LaunchScreen.storyboard in Resources */ = {isa = PBXBuildFile; fileRef = E1378F1A1F1655040089F0E5 /* LaunchScreen.storyboard */; };
		E1378F271F1655050089F0E5 /* RxPlaygroundTests.swift in Sources */ = {isa = PBXBuildFile; fileRef = E1378F261F1655050089F0E5 /* RxPlaygroundTests.swift */; };
		F979E427F7C43D294C85D98E /* Pods_RxPlayground.framework in Frameworks */ = {isa = PBXBuildFile; fileRef = 531AE7EAA39D3BC0C9EB6BBB /* Pods_RxPlayground.framework */; };
/* End PBXBuildFile section */

/* Begin PBXContainerItemProxy section */
		E1378F231F1655050089F0E5 /* PBXContainerItemProxy */ = {
			isa = PBXContainerItemProxy;
			containerPortal = E1378F061F1655040089F0E5 /* Project object */;
			proxyType = 1;
			remoteGlobalIDString = E1378F0D1F1655040089F0E5;
			remoteInfo = RxPlayground;
		};
/* End PBXContainerItemProxy section */

/* Begin PBXFileReference section */
		1E11B2521419AD39EB76676C /* Pods-RxPlaygroundTests.release.xcconfig */ = {isa = PBXFileReference; includeInIndex = 1; lastKnownFileType = text.xcconfig; name = "Pods-RxPlaygroundTests.release.xcconfig"; path = "Pods/Target Support Files/Pods-RxPlaygroundTests/Pods-RxPlaygroundTests.release.xcconfig"; sourceTree = "<group>"; };
		3437E0B333C83997AB773376 /* Pods-RxPlaygroundTests.debug.xcconfig */ = {isa = PBXFileReference; includeInIndex = 1; lastKnownFileType = text.xcconfig; name = "Pods-RxPlaygroundTests.debug.xcconfig"; path = "Pods/Target Support Files/Pods-RxPlaygroundTests/Pods-RxPlaygroundTests.debug.xcconfig"; sourceTree = "<group>"; };
		35FBEE1176C3BEB9A7FA55EA /* Pods-RxPlayground.debug.xcconfig */ = {isa = PBXFileReference; includeInIndex = 1; lastKnownFileType = text.xcconfig; name = "Pods-RxPlayground.debug.xcconfig"; path = "Pods/Target Support Files/Pods-RxPlayground/Pods-RxPlayground.debug.xcconfig"; sourceTree = "<group>"; };
		531AE7EAA39D3BC0C9EB6BBB /* Pods_RxPlayground.framework */ = {isa = PBXFileReference; explicitFileType = wrapper.framework; includeInIndex = 0; path = Pods_RxPlayground.framework; sourceTree = BUILT_PRODUCTS_DIR; };
		D215A70CE9965D9EB7ED480E /* Pods-RxPlayground.release.xcconfig */ = {isa = PBXFileReference; includeInIndex = 1; lastKnownFileType = text.xcconfig; name = "Pods-RxPlayground.release.xcconfig"; path = "Pods/Target Support Files/Pods-RxPlayground/Pods-RxPlayground.release.xcconfig"; sourceTree = "<group>"; };
		E11AD45C1F168D57004B3218 /* Operator.playground */ = {isa = PBXFileReference; lastKnownFileType = file.playground; path = Operator.playground; sourceTree = "<group>"; };
		E11AD45D1F16E947004B3218 /* Asynchronous+Rx.playground */ = {isa = PBXFileReference; lastKnownFileType = file.playground; path = "Asynchronous+Rx.playground"; sourceTree = "<group>"; };
		E1378F0E1F1655040089F0E5 /* RxPlayground.app */ = {isa = PBXFileReference; explicitFileType = wrapper.application; includeInIndex = 0; path = RxPlayground.app; sourceTree = BUILT_PRODUCTS_DIR; };
		E1378F111F1655040089F0E5 /* AppDelegate.swift */ = {isa = PBXFileReference; lastKnownFileType = sourcecode.swift; path = AppDelegate.swift; sourceTree = "<group>"; };
		E1378F131F1655040089F0E5 /* ViewController.swift */ = {isa = PBXFileReference; lastKnownFileType = sourcecode.swift; path = ViewController.swift; sourceTree = "<group>"; };
		E1378F161F1655040089F0E5 /* Base */ = {isa = PBXFileReference; lastKnownFileType = file.storyboard; name = Base; path = Base.lproj/Main.storyboard; sourceTree = "<group>"; };
		E1378F181F1655040089F0E5 /* Assets.xcassets */ = {isa = PBXFileReference; lastKnownFileType = folder.assetcatalog; path = Assets.xcassets; sourceTree = "<group>"; };
		E1378F1B1F1655040089F0E5 /* Base */ = {isa = PBXFileReference; lastKnownFileType = file.storyboard; name = Base; path = Base.lproj/LaunchScreen.storyboard; sourceTree = "<group>"; };
		E1378F1D1F1655040089F0E5 /* Info.plist */ = {isa = PBXFileReference; lastKnownFileType = text.plist.xml; path = Info.plist; sourceTree = "<group>"; };
		E1378F221F1655050089F0E5 /* RxPlaygroundTests.xctest */ = {isa = PBXFileReference; explicitFileType = wrapper.cfbundle; includeInIndex = 0; path = RxPlaygroundTests.xctest; sourceTree = BUILT_PRODUCTS_DIR; };
		E1378F261F1655050089F0E5 /* RxPlaygroundTests.swift */ = {isa = PBXFileReference; lastKnownFileType = sourcecode.swift; path = RxPlaygroundTests.swift; sourceTree = "<group>"; };
		E1378F281F1655050089F0E5 /* Info.plist */ = {isa = PBXFileReference; lastKnownFileType = text.plist.xml; path = Info.plist; sourceTree = "<group>"; };
		E1378F331F1656690089F0E5 /* Basic.playground */ = {isa = PBXFileReference; lastKnownFileType = file.playground; path = Basic.playground; sourceTree = "<group>"; };
		FD1F1CA637A5A34D22F31C32 /* Pods_RxPlaygroundTests.framework */ = {isa = PBXFileReference; explicitFileType = wrapper.framework; includeInIndex = 0; path = Pods_RxPlaygroundTests.framework; sourceTree = BUILT_PRODUCTS_DIR; };
/* End PBXFileReference section */

/* Begin PBXFrameworksBuildPhase section */
		E1378F0B1F1655040089F0E5 /* Frameworks */ = {
			isa = PBXFrameworksBuildPhase;
			buildActionMask = 2147483647;
			files = (
				F979E427F7C43D294C85D98E /* Pods_RxPlayground.framework in Frameworks */,
			);
			runOnlyForDeploymentPostprocessing = 0;
		};
		E1378F1F1F1655050089F0E5 /* Frameworks */ = {
			isa = PBXFrameworksBuildPhase;
			buildActionMask = 2147483647;
			files = (
				4DB4C705220064444001AFED /* Pods_RxPlaygroundTests.framework in Frameworks */,
			);
			runOnlyForDeploymentPostprocessing = 0;
		};
/* End PBXFrameworksBuildPhase section */

/* Begin PBXGroup section */
		09969F0733324F52532D712B /* Pods */ = {
			isa = PBXGroup;
			children = (
				35FBEE1176C3BEB9A7FA55EA /* Pods-RxPlayground.debug.xcconfig */,
				D215A70CE9965D9EB7ED480E /* Pods-RxPlayground.release.xcconfig */,
				3437E0B333C83997AB773376 /* Pods-RxPlaygroundTests.debug.xcconfig */,
				1E11B2521419AD39EB76676C /* Pods-RxPlaygroundTests.release.xcconfig */,
			);
			name = Pods;
			sourceTree = "<group>";
		};
		E1378F051F1655040089F0E5 = {
			isa = PBXGroup;
			children = (
				E11AD45D1F16E947004B3218 /* Asynchronous+Rx.playground */,
				E11AD45C1F168D57004B3218 /* Operator.playground */,
				E1378F331F1656690089F0E5 /* Basic.playground */,
				E1378F101F1655040089F0E5 /* RxPlayground */,
				E1378F251F1655050089F0E5 /* RxPlaygroundTests */,
				E1378F0F1F1655040089F0E5 /* Products */,
				09969F0733324F52532D712B /* Pods */,
				FAFF48048E4AB3D380819524 /* Frameworks */,
			);
			sourceTree = "<group>";
		};
		E1378F0F1F1655040089F0E5 /* Products */ = {
			isa = PBXGroup;
			children = (
				E1378F0E1F1655040089F0E5 /* RxPlayground.app */,
				E1378F221F1655050089F0E5 /* RxPlaygroundTests.xctest */,
			);
			name = Products;
			sourceTree = "<group>";
		};
		E1378F101F1655040089F0E5 /* RxPlayground */ = {
			isa = PBXGroup;
			children = (
				E1378F111F1655040089F0E5 /* AppDelegate.swift */,
				E1378F131F1655040089F0E5 /* ViewController.swift */,
				E1378F151F1655040089F0E5 /* Main.storyboard */,
				E1378F181F1655040089F0E5 /* Assets.xcassets */,
				E1378F1A1F1655040089F0E5 /* LaunchScreen.storyboard */,
				E1378F1D1F1655040089F0E5 /* Info.plist */,
			);
			path = RxPlayground;
			sourceTree = "<group>";
		};
		E1378F251F1655050089F0E5 /* RxPlaygroundTests */ = {
			isa = PBXGroup;
			children = (
				E1378F261F1655050089F0E5 /* RxPlaygroundTests.swift */,
				E1378F281F1655050089F0E5 /* Info.plist */,
			);
			path = RxPlaygroundTests;
			sourceTree = "<group>";
		};
		FAFF48048E4AB3D380819524 /* Frameworks */ = {
			isa = PBXGroup;
			children = (
				531AE7EAA39D3BC0C9EB6BBB /* Pods_RxPlayground.framework */,
				FD1F1CA637A5A34D22F31C32 /* Pods_RxPlaygroundTests.framework */,
			);
			name = Frameworks;
			sourceTree = "<group>";
		};
/* End PBXGroup section */

/* Begin PBXNativeTarget section */
		E1378F0D1F1655040089F0E5 /* RxPlayground */ = {
			isa = PBXNativeTarget;
			buildConfigurationList = E1378F2B1F1655050089F0E5 /* Build configuration list for PBXNativeTarget "RxPlayground" */;
			buildPhases = (
				F24AF35D2E5F7F60DCBC923B /* [CP] Check Pods Manifest.lock */,
				E1378F0A1F1655040089F0E5 /* Sources */,
				E1378F0B1F1655040089F0E5 /* Frameworks */,
				E1378F0C1F1655040089F0E5 /* Resources */,
				770ED3E4DFDBE12935FCDAB0 /* [CP] Embed Pods Frameworks */,
				AD2ACE1FEB0F783CBB93B35F /* [CP] Copy Pods Resources */,
			);
			buildRules = (
			);
			dependencies = (
			);
			name = RxPlayground;
			productName = RxPlayground;
			productReference = E1378F0E1F1655040089F0E5 /* RxPlayground.app */;
			productType = "com.apple.product-type.application";
		};
		E1378F211F1655050089F0E5 /* RxPlaygroundTests */ = {
			isa = PBXNativeTarget;
			buildConfigurationList = E1378F2E1F1655050089F0E5 /* Build configuration list for PBXNativeTarget "RxPlaygroundTests" */;
			buildPhases = (
				72561EBF48FFBDD0E45C5795 /* [CP] Check Pods Manifest.lock */,
				E1378F1E1F1655050089F0E5 /* Sources */,
				E1378F1F1F1655050089F0E5 /* Frameworks */,
				E1378F201F1655050089F0E5 /* Resources */,
				2665C4BC6E3BC110B46D7937 /* [CP] Embed Pods Frameworks */,
				3938B9DAEA18CE57BFB6D178 /* [CP] Copy Pods Resources */,
			);
			buildRules = (
			);
			dependencies = (
				E1378F241F1655050089F0E5 /* PBXTargetDependency */,
			);
			name = RxPlaygroundTests;
			productName = RxPlaygroundTests;
			productReference = E1378F221F1655050089F0E5 /* RxPlaygroundTests.xctest */;
			productType = "com.apple.product-type.bundle.unit-test";
		};
/* End PBXNativeTarget section */

/* Begin PBXProject section */
		E1378F061F1655040089F0E5 /* Project object */ = {
			isa = PBXProject;
			attributes = {
				LastSwiftUpdateCheck = 0830;
				LastUpgradeCheck = 0830;
				ORGANIZATIONNAME = Kohey;
				TargetAttributes = {
					E1378F0D1F1655040089F0E5 = {
						CreatedOnToolsVersion = 8.3.2;
						DevelopmentTeam = 9D8UR7H9D4;
						ProvisioningStyle = Automatic;
					};
					E1378F211F1655050089F0E5 = {
						CreatedOnToolsVersion = 8.3.2;
						DevelopmentTeam = 9D8UR7H9D4;
						ProvisioningStyle = Automatic;
						TestTargetID = E1378F0D1F1655040089F0E5;
					};
				};
			};
			buildConfigurationList = E1378F091F1655040089F0E5 /* Build configuration list for PBXProject "RxPlayground" */;
			compatibilityVersion = "Xcode 3.2";
			developmentRegion = English;
			hasScannedForEncodings = 0;
			knownRegions = (
				en,
				Base,
			);
			mainGroup = E1378F051F1655040089F0E5;
			productRefGroup = E1378F0F1F1655040089F0E5 /* Products */;
			projectDirPath = "";
			projectRoot = "";
			targets = (
				E1378F0D1F1655040089F0E5 /* RxPlayground */,
				E1378F211F1655050089F0E5 /* RxPlaygroundTests */,
			);
		};
/* End PBXProject section */

/* Begin PBXResourcesBuildPhase section */
		E1378F0C1F1655040089F0E5 /* Resources */ = {
			isa = PBXResourcesBuildPhase;
			buildActionMask = 2147483647;
			files = (
				E1378F1C1F1655040089F0E5 /* LaunchScreen.storyboard in Resources */,
				E1378F191F1655040089F0E5 /* Assets.xcassets in Resources */,
				E1378F171F1655040089F0E5 /* Main.storyboard in Resources */,
			);
			runOnlyForDeploymentPostprocessing = 0;
		};
		E1378F201F1655050089F0E5 /* Resources */ = {
			isa = PBXResourcesBuildPhase;
			buildActionMask = 2147483647;
			files = (
			);
			runOnlyForDeploymentPostprocessing = 0;
		};
/* End PBXResourcesBuildPhase section */

/* Begin PBXShellScriptBuildPhase section */
		2665C4BC6E3BC110B46D7937 /* [CP] Embed Pods Frameworks */ = {
			isa = PBXShellScriptBuildPhase;
			buildActionMask = 2147483647;
			files = (
			);
			inputPaths = (
			);
			name = "[CP] Embed Pods Frameworks";
			outputPaths = (
			);
			runOnlyForDeploymentPostprocessing = 0;
			shellPath = /bin/sh;
			shellScript = "\"${SRCROOT}/Pods/Target Support Files/Pods-RxPlaygroundTests/Pods-RxPlaygroundTests-frameworks.sh\"\n";
			showEnvVarsInLog = 0;
		};
		3938B9DAEA18CE57BFB6D178 /* [CP] Copy Pods Resources */ = {
			isa = PBXShellScriptBuildPhase;
			buildActionMask = 2147483647;
			files = (
			);
			inputPaths = (
			);
			name = "[CP] Copy Pods Resources";
			outputPaths = (
			);
			runOnlyForDeploymentPostprocessing = 0;
			shellPath = /bin/sh;
			shellScript = "\"${SRCROOT}/Pods/Target Support Files/Pods-RxPlaygroundTests/Pods-RxPlaygroundTests-resources.sh\"\n";
			showEnvVarsInLog = 0;
		};
		72561EBF48FFBDD0E45C5795 /* [CP] Check Pods Manifest.lock */ = {
			isa = PBXShellScriptBuildPhase;
			buildActionMask = 2147483647;
			files = (
			);
			inputPaths = (
				"${PODS_PODFILE_DIR_PATH}/Podfile.lock",
				"${PODS_ROOT}/Manifest.lock",
			);
			name = "[CP] Check Pods Manifest.lock";
			outputPaths = (
				"$(DERIVED_FILE_DIR)/Pods-RxPlaygroundTests-checkManifestLockResult.txt",
			);
			runOnlyForDeploymentPostprocessing = 0;
			shellPath = /bin/sh;
			shellScript = "diff \"${PODS_PODFILE_DIR_PATH}/Podfile.lock\" \"${PODS_ROOT}/Manifest.lock\" > /dev/null\nif [ $? != 0 ] ; then\n    # print error to STDERR\n    echo \"error: The sandbox is not in sync with the Podfile.lock. Run 'pod install' or update your CocoaPods installation.\" >&2\n    exit 1\nfi\n# This output is used by Xcode 'outputs' to avoid re-running this script phase.\necho \"SUCCESS\" > \"${SCRIPT_OUTPUT_FILE_0}\"\n";
			showEnvVarsInLog = 0;
		};
		770ED3E4DFDBE12935FCDAB0 /* [CP] Embed Pods Frameworks */ = {
			isa = PBXShellScriptBuildPhase;
			buildActionMask = 2147483647;
			files = (
			);
			inputPaths = (
				"${SRCROOT}/Pods/Target Support Files/Pods-RxPlayground/Pods-RxPlayground-frameworks.sh",
				"${BUILT_PRODUCTS_DIR}/RxCocoa/RxCocoa.framework",
				"${BUILT_PRODUCTS_DIR}/RxSwift/RxSwift.framework",
			);
			name = "[CP] Embed Pods Frameworks";
			outputPaths = (
				"${TARGET_BUILD_DIR}/${FRAMEWORKS_FOLDER_PATH}/RxCocoa.framework",
				"${TARGET_BUILD_DIR}/${FRAMEWORKS_FOLDER_PATH}/RxSwift.framework",
			);
			runOnlyForDeploymentPostprocessing = 0;
			shellPath = /bin/sh;
			shellScript = "\"${SRCROOT}/Pods/Target Support Files/Pods-RxPlayground/Pods-RxPlayground-frameworks.sh\"\n";
			showEnvVarsInLog = 0;
		};
		AD2ACE1FEB0F783CBB93B35F /* [CP] Copy Pods Resources */ = {
			isa = PBXShellScriptBuildPhase;
			buildActionMask = 2147483647;
			files = (
			);
			inputPaths = (
			);
			name = "[CP] Copy Pods Resources";
			outputPaths = (
			);
			runOnlyForDeploymentPostprocessing = 0;
			shellPath = /bin/sh;
			shellScript = "\"${SRCROOT}/Pods/Target Support Files/Pods-RxPlayground/Pods-RxPlayground-resources.sh\"\n";
			showEnvVarsInLog = 0;
		};
		F24AF35D2E5F7F60DCBC923B /* [CP] Check Pods Manifest.lock */ = {
			isa = PBXShellScriptBuildPhase;
			buildActionMask = 2147483647;
			files = (
			);
			inputPaths = (
				"${PODS_PODFILE_DIR_PATH}/Podfile.lock",
				"${PODS_ROOT}/Manifest.lock",
			);
			name = "[CP] Check Pods Manifest.lock";
			outputPaths = (
				"$(DERIVED_FILE_DIR)/Pods-RxPlayground-checkManifestLockResult.txt",
			);
			runOnlyForDeploymentPostprocessing = 0;
			shellPath = /bin/sh;
			shellScript = "diff \"${PODS_PODFILE_DIR_PATH}/Podfile.lock\" \"${PODS_ROOT}/Manifest.lock\" > /dev/null\nif [ $? != 0 ] ; then\n    # print error to STDERR\n    echo \"error: The sandbox is not in sync with the Podfile.lock. Run 'pod install' or update your CocoaPods installation.\" >&2\n    exit 1\nfi\n# This output is used by Xcode 'outputs' to avoid re-running this script phase.\necho \"SUCCESS\" > \"${SCRIPT_OUTPUT_FILE_0}\"\n";
			showEnvVarsInLog = 0;
		};
/* End PBXShellScriptBuildPhase section */

/* Begin PBXSourcesBuildPhase section */
		E1378F0A1F1655040089F0E5 /* Sources */ = {
			isa = PBXSourcesBuildPhase;
			buildActionMask = 2147483647;
			files = (
				E1378F141F1655040089F0E5 /* ViewController.swift in Sources */,
				E1378F121F1655040089F0E5 /* AppDelegate.swift in Sources */,
			);
			runOnlyForDeploymentPostprocessing = 0;
		};
		E1378F1E1F1655050089F0E5 /* Sources */ = {
			isa = PBXSourcesBuildPhase;
			buildActionMask = 2147483647;
			files = (
				E1378F271F1655050089F0E5 /* RxPlaygroundTests.swift in Sources */,
			);
			runOnlyForDeploymentPostprocessing = 0;
		};
/* End PBXSourcesBuildPhase section */

/* Begin PBXTargetDependency section */
		E1378F241F1655050089F0E5 /* PBXTargetDependency */ = {
			isa = PBXTargetDependency;
			target = E1378F0D1F1655040089F0E5 /* RxPlayground */;
			targetProxy = E1378F231F1655050089F0E5 /* PBXContainerItemProxy */;
		};
/* End PBXTargetDependency section */

/* Begin PBXVariantGroup section */
		E1378F151F1655040089F0E5 /* Main.storyboard */ = {
			isa = PBXVariantGroup;
			children = (
				E1378F161F1655040089F0E5 /* Base */,
			);
			name = Main.storyboard;
			sourceTree = "<group>";
		};
		E1378F1A1F1655040089F0E5 /* LaunchScreen.storyboard */ = {
			isa = PBXVariantGroup;
			children = (
				E1378F1B1F1655040089F0E5 /* Base */,
			);
			name = LaunchScreen.storyboard;
			sourceTree = "<group>";
		};
/* End PBXVariantGroup section */

/* Begin XCBuildConfiguration section */
		E1378F291F1655050089F0E5 /* Debug */ = {
			isa = XCBuildConfiguration;
			buildSettings = {
				ALWAYS_SEARCH_USER_PATHS = NO;
				CLANG_ANALYZER_NONNULL = YES;
				CLANG_ANALYZER_NUMBER_OBJECT_CONVERSION = YES_AGGRESSIVE;
				CLANG_CXX_LANGUAGE_STANDARD = "gnu++0x";
				CLANG_CXX_LIBRARY = "libc++";
				CLANG_ENABLE_MODULES = YES;
				CLANG_ENABLE_OBJC_ARC = YES;
				CLANG_WARN_BOOL_CONVERSION = YES;
				CLANG_WARN_CONSTANT_CONVERSION = YES;
				CLANG_WARN_DIRECT_OBJC_ISA_USAGE = YES_ERROR;
				CLANG_WARN_DOCUMENTATION_COMMENTS = YES;
				CLANG_WARN_EMPTY_BODY = YES;
				CLANG_WARN_ENUM_CONVERSION = YES;
				CLANG_WARN_INFINITE_RECURSION = YES;
				CLANG_WARN_INT_CONVERSION = YES;
				CLANG_WARN_OBJC_ROOT_CLASS = YES_ERROR;
				CLANG_WARN_SUSPICIOUS_MOVE = YES;
				CLANG_WARN_UNREACHABLE_CODE = YES;
				CLANG_WARN__DUPLICATE_METHOD_MATCH = YES;
				"CODE_SIGN_IDENTITY[sdk=iphoneos*]" = "iPhone Developer";
				COPY_PHASE_STRIP = NO;
				DEBUG_INFORMATION_FORMAT = dwarf;
				ENABLE_STRICT_OBJC_MSGSEND = YES;
				ENABLE_TESTABILITY = YES;
				GCC_C_LANGUAGE_STANDARD = gnu99;
				GCC_DYNAMIC_NO_PIC = NO;
				GCC_NO_COMMON_BLOCKS = YES;
				GCC_OPTIMIZATION_LEVEL = 0;
				GCC_PREPROCESSOR_DEFINITIONS = (
					"DEBUG=1",
					"$(inherited)",
				);
				GCC_WARN_64_TO_32_BIT_CONVERSION = YES;
				GCC_WARN_ABOUT_RETURN_TYPE = YES_ERROR;
				GCC_WARN_UNDECLARED_SELECTOR = YES;
				GCC_WARN_UNINITIALIZED_AUTOS = YES_AGGRESSIVE;
				GCC_WARN_UNUSED_FUNCTION = YES;
				GCC_WARN_UNUSED_VARIABLE = YES;
				IPHONEOS_DEPLOYMENT_TARGET = 10.3;
				MTL_ENABLE_DEBUG_INFO = YES;
				ONLY_ACTIVE_ARCH = YES;
				SDKROOT = iphoneos;
				SWIFT_ACTIVE_COMPILATION_CONDITIONS = DEBUG;
				SWIFT_OPTIMIZATION_LEVEL = "-Onone";
			};
			name = Debug;
		};
		E1378F2A1F1655050089F0E5 /* Release */ = {
			isa = XCBuildConfiguration;
			buildSettings = {
				ALWAYS_SEARCH_USER_PATHS = NO;
				CLANG_ANALYZER_NONNULL = YES;
				CLANG_ANALYZER_NUMBER_OBJECT_CONVERSION = YES_AGGRESSIVE;
				CLANG_CXX_LANGUAGE_STANDARD = "gnu++0x";
				CLANG_CXX_LIBRARY = "libc++";
				CLANG_ENABLE_MODULES = YES;
				CLANG_ENABLE_OBJC_ARC = YES;
				CLANG_WARN_BOOL_CONVERSION = YES;
				CLANG_WARN_CONSTANT_CONVERSION = YES;
				CLANG_WARN_DIRECT_OBJC_ISA_USAGE = YES_ERROR;
				CLANG_WARN_DOCUMENTATION_COMMENTS = YES;
				CLANG_WARN_EMPTY_BODY = YES;
				CLANG_WARN_ENUM_CONVERSION = YES;
				CLANG_WARN_INFINITE_RECURSION = YES;
				CLANG_WARN_INT_CONVERSION = YES;
				CLANG_WARN_OBJC_ROOT_CLASS = YES_ERROR;
				CLANG_WARN_SUSPICIOUS_MOVE = YES;
				CLANG_WARN_UNREACHABLE_CODE = YES;
				CLANG_WARN__DUPLICATE_METHOD_MATCH = YES;
				"CODE_SIGN_IDENTITY[sdk=iphoneos*]" = "iPhone Developer";
				COPY_PHASE_STRIP = NO;
				DEBUG_INFORMATION_FORMAT = "dwarf-with-dsym";
				ENABLE_NS_ASSERTIONS = NO;
				ENABLE_STRICT_OBJC_MSGSEND = YES;
				GCC_C_LANGUAGE_STANDARD = gnu99;
				GCC_NO_COMMON_BLOCKS = YES;
				GCC_WARN_64_TO_32_BIT_CONVERSION = YES;
				GCC_WARN_ABOUT_RETURN_TYPE = YES_ERROR;
				GCC_WARN_UNDECLARED_SELECTOR = YES;
				GCC_WARN_UNINITIALIZED_AUTOS = YES_AGGRESSIVE;
				GCC_WARN_UNUSED_FUNCTION = YES;
				GCC_WARN_UNUSED_VARIABLE = YES;
				IPHONEOS_DEPLOYMENT_TARGET = 10.3;
				MTL_ENABLE_DEBUG_INFO = NO;
				SDKROOT = iphoneos;
				SWIFT_OPTIMIZATION_LEVEL = "-Owholemodule";
				VALIDATE_PRODUCT = YES;
			};
			name = Release;
		};
		E1378F2C1F1655050089F0E5 /* Debug */ = {
			isa = XCBuildConfiguration;
			baseConfigurationReference = 35FBEE1176C3BEB9A7FA55EA /* Pods-RxPlayground.debug.xcconfig */;
			buildSettings = {
				ASSETCATALOG_COMPILER_APPICON_NAME = AppIcon;
				DEVELOPMENT_TEAM = 9D8UR7H9D4;
				INFOPLIST_FILE = RxPlayground/Info.plist;
				LD_RUNPATH_SEARCH_PATHS = "$(inherited) @executable_path/Frameworks";
				PRODUCT_BUNDLE_IDENTIFIER = jp.oka.RxPlayground;
				PRODUCT_NAME = "$(TARGET_NAME)";
				SWIFT_VERSION = 3.0;
			};
			name = Debug;
		};
		E1378F2D1F1655050089F0E5 /* Release */ = {
			isa = XCBuildConfiguration;
			baseConfigurationReference = D215A70CE9965D9EB7ED480E /* Pods-RxPlayground.release.xcconfig */;
			buildSettings = {
				ASSETCATALOG_COMPILER_APPICON_NAME = AppIcon;
				DEVELOPMENT_TEAM = 9D8UR7H9D4;
				INFOPLIST_FILE = RxPlayground/Info.plist;
				LD_RUNPATH_SEARCH_PATHS = "$(inherited) @executable_path/Frameworks";
				PRODUCT_BUNDLE_IDENTIFIER = jp.oka.RxPlayground;
				PRODUCT_NAME = "$(TARGET_NAME)";
				SWIFT_VERSION = 3.0;
			};
			name = Release;
		};
		E1378F2F1F1655050089F0E5 /* Debug */ = {
			isa = XCBuildConfiguration;
			baseConfigurationReference = 3437E0B333C83997AB773376 /* Pods-RxPlaygroundTests.debug.xcconfig */;
			buildSettings = {
				ALWAYS_EMBED_SWIFT_STANDARD_LIBRARIES = YES;
				BUNDLE_LOADER = "$(TEST_HOST)";
				DEVELOPMENT_TEAM = 9D8UR7H9D4;
				INFOPLIST_FILE = RxPlaygroundTests/Info.plist;
				LD_RUNPATH_SEARCH_PATHS = "$(inherited) @executable_path/Frameworks @loader_path/Frameworks";
				PRODUCT_BUNDLE_IDENTIFIER = jp.oka.RxPlaygroundTests;
				PRODUCT_NAME = "$(TARGET_NAME)";
				SWIFT_VERSION = 3.0;
				TEST_HOST = "$(BUILT_PRODUCTS_DIR)/RxPlayground.app/RxPlayground";
			};
			name = Debug;
		};
		E1378F301F1655050089F0E5 /* Release */ = {
			isa = XCBuildConfiguration;
			baseConfigurationReference = 1E11B2521419AD39EB76676C /* Pods-RxPlaygroundTests.release.xcconfig */;
			buildSettings = {
				ALWAYS_EMBED_SWIFT_STANDARD_LIBRARIES = YES;
				BUNDLE_LOADER = "$(TEST_HOST)";
				DEVELOPMENT_TEAM = 9D8UR7H9D4;
				INFOPLIST_FILE = RxPlaygroundTests/Info.plist;
				LD_RUNPATH_SEARCH_PATHS = "$(inherited) @executable_path/Frameworks @loader_path/Frameworks";
				PRODUCT_BUNDLE_IDENTIFIER = jp.oka.RxPlaygroundTests;
				PRODUCT_NAME = "$(TARGET_NAME)";
				SWIFT_VERSION = 3.0;
				TEST_HOST = "$(BUILT_PRODUCTS_DIR)/RxPlayground.app/RxPlayground";
			};
			name = Release;
		};
/* End XCBuildConfiguration section */

/* Begin XCConfigurationList section */
		E1378F091F1655040089F0E5 /* Build configuration list for PBXProject "RxPlayground" */ = {
			isa = XCConfigurationList;
			buildConfigurations = (
				E1378F291F1655050089F0E5 /* Debug */,
				E1378F2A1F1655050089F0E5 /* Release */,
			);
			defaultConfigurationIsVisible = 0;
			defaultConfigurationName = Release;
		};
		E1378F2B1F1655050089F0E5 /* Build configuration list for PBXNativeTarget "RxPlayground" */ = {
			isa = XCConfigurationList;
			buildConfigurations = (
				E1378F2C1F1655050089F0E5 /* Debug */,
				E1378F2D1F1655050089F0E5 /* Release */,
			);
			defaultConfigurationIsVisible = 0;
			defaultConfigurationName = Release;
		};
		E1378F2E1F1655050089F0E5 /* Build configuration list for PBXNativeTarget "RxPlaygroundTests" */ = {
			isa = XCConfigurationList;
			buildConfigurations = (
				E1378F2F1F1655050089F0E5 /* Debug */,
				E1378F301F1655050089F0E5 /* Release */,
			);
			defaultConfigurationIsVisible = 0;
			defaultConfigurationName = Release;
		};
/* End XCConfigurationList section */
	};
	rootObject = E1378F061F1655040089F0E5 /* Project object */;
}
